
Microsoft Visual Studio Solution File, Format Version 12.00
# Visual Studio Version 17
VisualStudioVersion = 17.14.36401.2
MinimumVisualStudioVersion = 10.0.40219.1
Project("{FAE04EC0-301F-11D3-BF4B-00C04F79EFBC}") = "PgPostalCodeSync", "PgPostalCodeSync\PgPostalCodeSync.csproj", "{885BF162-416A-4339-8E98-E5956525DF45}"
EndProject
Project("{FAE04EC0-301F-11D3-BF4B-00C04F79EFBC}") = "PgPostalCodeSync.Tests", "PgPostalCodeSync.Tests\PgPostalCodeSync.Tests.csproj", "{EF8400AD-A81D-42AA-B6F1-5F001BCED723}"
EndProject
Global
	GlobalSection(SolutionConfigurationPlatforms) = preSolution
		Debug|Any CPU = Debug|Any CPU
		Debug|x64 = Debug|x64
		Debug|x86 = Debug|x86
		Release|Any CPU = Release|Any CPU
		Release|x64 = Release|x64
		Release|x86 = Release|x86
	EndGlobalSection
	GlobalSection(ProjectConfigurationPlatforms) = postSolution
		{885BF162-416A-4339-8E98-E5956525DF45}.Debug|Any CPU.ActiveCfg = Debug|Any CPU
		{885BF162-416A-4339-8E98-E5956525DF45}.Debug|Any CPU.Build.0 = Debug|Any CPU
		{885BF162-416A-4339-8E98-E5956525DF45}.Debug|x64.ActiveCfg = Debug|Any CPU
		{885BF162-416A-4339-8E98-E5956525DF45}.Debug|x64.Build.0 = Debug|Any CPU
		{885BF162-416A-4339-8E98-E5956525DF45}.Debug|x86.ActiveCfg = Debug|Any CPU
		{885BF162-416A-4339-8E98-E5956525DF45}.Debug|x86.Build.0 = Debug|Any CPU
		{885BF162-416A-4339-8E98-E5956525DF45}.Release|Any CPU.ActiveCfg = Release|Any CPU
		{885BF162-416A-4339-8E98-E5956525DF45}.Release|Any CPU.Build.0 = Release|Any CPU
		{885BF162-416A-4339-8E98-E5956525DF45}.Release|x64.ActiveCfg = Release|Any CPU
		{885BF162-416A-4339-8E98-E5956525DF45}.Release|x64.Build.0 = Release|Any CPU
		{885BF162-416A-4339-8E98-E5956525DF45}.Release|x86.ActiveCfg = Release|Any CPU
		{885BF162-416A-4339-8E98-E5956525DF45}.Release|x86.Build.0 = Release|Any CPU
		{EF8400AD-A81D-42AA-B6F1-5F001BCED723}.Debug|Any CPU.ActiveCfg = Debug|Any CPU
		{EF8400AD-A81D-42AA-B6F1-5F001BCED723}.Debug|Any CPU.Build.0 = Debug|Any CPU
		{EF8400AD-A81D-42AA-B6F1-5F001BCED723}.Debug|x64.ActiveCfg = Debug|Any CPU
		{EF8400AD-A81D-42AA-B6F1-5F001BCED723}.Debug|x64.Build.0 = Debug|Any CPU
		{EF8400AD-A81D-42AA-B6F1-5F001BCED723}.Debug|x86.ActiveCfg = Debug|Any CPU
		{EF8400AD-A81D-42AA-B6F1-5F001BCED723}.Debug|x86.Build.0 = Debug|Any CPU
		{EF8400AD-A81D-42AA-B6F1-5F001BCED723}.Release|Any CPU.ActiveCfg = Release|Any CPU
		{EF8400AD-A81D-42AA-B6F1-5F001BCED723}.Release|Any CPU.Build.0 = Release|Any CPU
		{EF8400AD-A81D-42AA-B6F1-5F001BCED723}.Release|x64.ActiveCfg = Release|Any CPU
		{EF8400AD-A81D-42AA-B6F1-5F001BCED723}.Release|x64.Build.0 = Release|Any CPU
		{EF8400AD-A81D-42AA-B6F1-5F001BCED723}.Release|x86.ActiveCfg = Release|Any CPU
		{EF8400AD-A81D-42AA-B6F1-5F001BCED723}.Release|x86.Build.0 = Release|Any CPU
	EndGlobalSection
	GlobalSection(SolutionProperties) = preSolution
		HideSolutionNode = FALSE
	EndGlobalSection
	GlobalSection(ExtensibilityGlobals) = postSolution
		SolutionGuid = {D3E48A3A-DF95-46C8-B863-A8139BB748F8}
	EndGlobalSection
EndGlobal
